
Microsoft Visual Studio Solution File, Format Version 12.00
# Visual Studio Version 17
VisualStudioVersion = 17.1.32421.90
MinimumVisualStudioVersion = 10.0.40219.1
Project("{9A19103F-16F7-4668-BE54-9A1E7A4F7556}") = "FileBaseDirectoryWatcher-01", "FileBaseDirectoryWatcher-01\FileBaseDirectoryWatcher-01.csproj", "{BF1CAEA2-3167-40A1-A188-05C62C743B9F}"
EndProject
Project("{9A19103F-16F7-4668-BE54-9A1E7A4F7556}") = "FileBaseSync", "FileSync\FileBaseSync.csproj", "{38508978-B6D4-4465-AACB-56578F682C8D}"
EndProject
Global
	GlobalSection(SolutionConfigurationPlatforms) = preSolution
		Debug|Any CPU = Debug|Any CPU
		Release|Any CPU = Release|Any CPU
	EndGlobalSection
	GlobalSection(ProjectConfigurationPlatforms) = postSolution
		{BF1CAEA2-3167-40A1-A188-05C62C743B9F}.Debug|Any CPU.ActiveCfg = Debug|Any CPU
		{BF1CAEA2-3167-40A1-A188-05C62C743B9F}.Debug|Any CPU.Build.0 = Debug|Any CPU
		{BF1CAEA2-3167-40A1-A188-05C62C743B9F}.Release|Any CPU.ActiveCfg = Release|Any CPU
		{BF1CAEA2-3167-40A1-A188-05C62C743B9F}.Release|Any CPU.Build.0 = Release|Any CPU
		{38508978-B6D4-4465-AACB-56578F682C8D}.Debug|Any CPU.ActiveCfg = Debug|Any CPU
		{38508978-B6D4-4465-AACB-56578F682C8D}.Debug|Any CPU.Build.0 = Debug|Any CPU
		{38508978-B6D4-4465-AACB-56578F682C8D}.Release|Any CPU.ActiveCfg = Release|Any CPU
		{38508978-B6D4-4465-AACB-56578F682C8D}.Release|Any CPU.Build.0 = Release|Any CPU
	EndGlobalSection
	GlobalSection(SolutionProperties) = preSolution
		HideSolutionNode = FALSE
	EndGlobalSection
	GlobalSection(ExtensibilityGlobals) = postSolution
		SolutionGuid = {FF3F65CD-A10F-46C7-868C-B50D51303B2E}
	EndGlobalSection
EndGlobal
